{
  "name": "new_frontend",
  "lockfileVersion": 3,
  "requires": true,
  "packages": {
    "": {
      "dependencies": {
        "uplot": "^1.6.32",
        "uplot-react": "^1.2.4"
      }
    },
    "node_modules/react": {
      "version": "19.2.0",
      "resolved": "https://registry.npmjs.org/react/-/react-19.2.0.tgz",
      "integrity": "sha512-tmbWg6W31tQLeB5cdIBOicJDJRR2KzXsV7uSK9iNfLWQ5bIZfxuPEHp7M8wiHyHnn0DD1i7w3Zmin0FtkrwoCQ==",
      "license": "MIT",
      "peer": true,
      "engines": {
        "node": ">=0.10.0"
      }
    },
    "node_modules/uplot": {
      "version": "1.6.32",
      "resolved": "https://registry.npmjs.org/uplot/-/uplot-1.6.32.tgz",
      "integrity": "sha512-KIMVnG68zvu5XXUbC4LQEPnhwOxBuLyW1AHtpm6IKTXImkbLgkMy+jabjLgSLMasNuGGzQm/ep3tOkyTxpiQIw==",
      "license": "MIT"
    },
    "node_modules/uplot-react": {
      "version": "1.2.4",
      "resolved": "https://registry.npmjs.org/uplot-react/-/uplot-react-1.2.4.tgz",
      "integrity": "sha512-mDe/mqD9KtXeHDR8llSJaUFpDcEJvYpHNS+cyUhJ2qvkbT9GPKod1BVXG+hNegRqYiV1ldsFBlI5+OKSi/yPNA==",
      "license": "MIT",
      "engines": {
        "node": ">=8.10"
      },
      "peerDependencies": {
        "react": ">=16.8.6",
        "uplot": "^1.6.32"
      }
    }
  }
}
